
Microsoft Visual Studio Solution File, Format Version 12.00
# Visual Studio 2013
VisualStudioVersion = 12.0.30723.0
MinimumVisualStudioVersion = 10.0.40219.1
Project("{FAE04EC0-301F-11D3-BF4B-00C04F79EFBC}") = "MExplorer", "MExplorer\MExplorer.csproj", "{215E5615-C1A5-45D9-A2E8-856DE76E2601}"
EndProject
Project("{FAE04EC0-301F-11D3-BF4B-00C04F79EFBC}") = "MExplorer.Core", "MExplorer.Core\MExplorer.Core.csproj", "{8E1846D2-B80D-473D-A387-EC879E4A8DBF}"
EndProject
Project("{FAE04EC0-301F-11D3-BF4B-00C04F79EFBC}") = "MExplorer.Files", "MExplorer.Files\MExplorer.Files.csproj", "{A3F7492B-49ED-4221-B336-C95CF39FA85E}"
EndProject
Global
	GlobalSection(SolutionConfigurationPlatforms) = preSolution
		Debug|Any CPU = Debug|Any CPU
		Release|Any CPU = Release|Any CPU
	EndGlobalSection
	GlobalSection(ProjectConfigurationPlatforms) = postSolution
		{215E5615-C1A5-45D9-A2E8-856DE76E2601}.Debug|Any CPU.ActiveCfg = Debug|Any CPU
		{215E5615-C1A5-45D9-A2E8-856DE76E2601}.Debug|Any CPU.Build.0 = Debug|Any CPU
		{215E5615-C1A5-45D9-A2E8-856DE76E2601}.Release|Any CPU.ActiveCfg = Release|Any CPU
		{215E5615-C1A5-45D9-A2E8-856DE76E2601}.Release|Any CPU.Build.0 = Release|Any CPU
		{8E1846D2-B80D-473D-A387-EC879E4A8DBF}.Debug|Any CPU.ActiveCfg = Debug|Any CPU
		{8E1846D2-B80D-473D-A387-EC879E4A8DBF}.Debug|Any CPU.Build.0 = Debug|Any CPU
		{8E1846D2-B80D-473D-A387-EC879E4A8DBF}.Release|Any CPU.ActiveCfg = Release|Any CPU
		{8E1846D2-B80D-473D-A387-EC879E4A8DBF}.Release|Any CPU.Build.0 = Release|Any CPU
		{A3F7492B-49ED-4221-B336-C95CF39FA85E}.Debug|Any CPU.ActiveCfg = Debug|Any CPU
		{A3F7492B-49ED-4221-B336-C95CF39FA85E}.Debug|Any CPU.Build.0 = Debug|Any CPU
		{A3F7492B-49ED-4221-B336-C95CF39FA85E}.Release|Any CPU.ActiveCfg = Release|Any CPU
		{A3F7492B-49ED-4221-B336-C95CF39FA85E}.Release|Any CPU.Build.0 = Release|Any CPU
	EndGlobalSection
	GlobalSection(SolutionProperties) = preSolution
		HideSolutionNode = FALSE
	EndGlobalSection
EndGlobal
